
Microsoft Visual Studio Solution File, Format Version 12.00
# Visual Studio 14
VisualStudioVersion = 14.0.25420.1
MinimumVisualStudioVersion = 10.0.40219.1
Project("{FAE04EC0-301F-11D3-BF4B-00C04F79EFBC}") = "RGrammar", "RGrammarParser\RGrammar.csproj", "{6E6DB754-E1E1-49FE-B72B-1BDE5CC70FDE}"
EndProject
Project("{FAE04EC0-301F-11D3-BF4B-00C04F79EFBC}") = "RFrontEnd", "RFrontEnd\RFrontEnd.csproj", "{6E0686A6-ED50-497D-BBA8-DD1B76F97781}"
EndProject
Global
	GlobalSection(SolutionConfigurationPlatforms) = preSolution
		Debug|Any CPU = Debug|Any CPU
		Release|Any CPU = Release|Any CPU
	EndGlobalSection
	GlobalSection(ProjectConfigurationPlatforms) = postSolution
		{6E6DB754-E1E1-49FE-B72B-1BDE5CC70FDE}.Debug|Any CPU.ActiveCfg = Debug|Any CPU
		{6E6DB754-E1E1-49FE-B72B-1BDE5CC70FDE}.Debug|Any CPU.Build.0 = Debug|Any CPU
		{6E6DB754-E1E1-49FE-B72B-1BDE5CC70FDE}.Release|Any CPU.ActiveCfg = Release|Any CPU
		{6E6DB754-E1E1-49FE-B72B-1BDE5CC70FDE}.Release|Any CPU.Build.0 = Release|Any CPU
		{6E0686A6-ED50-497D-BBA8-DD1B76F97781}.Debug|Any CPU.ActiveCfg = Debug|Any CPU
		{6E0686A6-ED50-497D-BBA8-DD1B76F97781}.Debug|Any CPU.Build.0 = Debug|Any CPU
		{6E0686A6-ED50-497D-BBA8-DD1B76F97781}.Release|Any CPU.ActiveCfg = Release|Any CPU
		{6E0686A6-ED50-497D-BBA8-DD1B76F97781}.Release|Any CPU.Build.0 = Release|Any CPU
	EndGlobalSection
	GlobalSection(SolutionProperties) = preSolution
		HideSolutionNode = FALSE
	EndGlobalSection
EndGlobal
